
Microsoft Visual Studio Solution File, Format Version 12.00
# Visual Studio Version 17
VisualStudioVersion = 17.8.34322.80
MinimumVisualStudioVersion = 10.0.40219.1
Project("{FAE04EC0-301F-11D3-BF4B-00C04F79EFBC}") = "T1_Gestor Medico de Referencias", "T1_Gestor Medico de Referencias.csproj", "{DA03313D-0E84-4952-8EB9-B37F19D2298E}"
EndProject
Global
	GlobalSection(SolutionConfigurationPlatforms) = preSolution
		Debug|Any CPU = Debug|Any CPU
		Release|Any CPU = Release|Any CPU
	EndGlobalSection
	GlobalSection(ProjectConfigurationPlatforms) = postSolution
		{DA03313D-0E84-4952-8EB9-B37F19D2298E}.Debug|Any CPU.ActiveCfg = Debug|Any CPU
		{DA03313D-0E84-4952-8EB9-B37F19D2298E}.Debug|Any CPU.Build.0 = Debug|Any CPU
		{DA03313D-0E84-4952-8EB9-B37F19D2298E}.Release|Any CPU.ActiveCfg = Release|Any CPU
		{DA03313D-0E84-4952-8EB9-B37F19D2298E}.Release|Any CPU.Build.0 = Release|Any CPU
	EndGlobalSection
	GlobalSection(SolutionProperties) = preSolution
		HideSolutionNode = FALSE
	EndGlobalSection
	GlobalSection(ExtensibilityGlobals) = postSolution
		SolutionGuid = {7198FC76-5BA2-4186-B812-A1025552EB7C}
	EndGlobalSection
EndGlobal
